// !$*UTF8*$!
{
	archiveVersion = 1;
	classes = {
	};
	objectVersion = 50;
	objects = {

/* Begin PBXBuildFile section */
		41647AE6B47E6AC21BF477E2 /* Pods_PictIonis.framework in Frameworks */ = {isa = PBXBuildFile; fileRef = 14F4CE99E4165B65E1CDBEEA /* Pods_PictIonis.framework */; };
		74A8911F24E458D200FF195D /* Utilities.swift in Sources */ = {isa = PBXBuildFile; fileRef = 74A8911E24E458D200FF195D /* Utilities.swift */; };
		74B713E824E2A7D7001AF274 /* AppDelegate.swift in Sources */ = {isa = PBXBuildFile; fileRef = 74B713E724E2A7D7001AF274 /* AppDelegate.swift */; };
		74B713EA24E2A7D7001AF274 /* SceneDelegate.swift in Sources */ = {isa = PBXBuildFile; fileRef = 74B713E924E2A7D7001AF274 /* SceneDelegate.swift */; };
		74B713EC24E2A7D7001AF274 /* ViewController.swift in Sources */ = {isa = PBXBuildFile; fileRef = 74B713EB24E2A7D7001AF274 /* ViewController.swift */; };
		74B713EF24E2A7D7001AF274 /* Main.storyboard in Resources */ = {isa = PBXBuildFile; fileRef = 74B713ED24E2A7D7001AF274 /* Main.storyboard */; };
		74B713F124E2A7D9001AF274 /* Assets.xcassets in Resources */ = {isa = PBXBuildFile; fileRef = 74B713F024E2A7D9001AF274 /* Assets.xcassets */; };
		74B713F424E2A7D9001AF274 /* LaunchScreen.storyboard in Resources */ = {isa = PBXBuildFile; fileRef = 74B713F224E2A7D9001AF274 /* LaunchScreen.storyboard */; };
		74B713FC24E2A924001AF274 /* SignUpViewController.swift in Sources */ = {isa = PBXBuildFile; fileRef = 74B713FB24E2A924001AF274 /* SignUpViewController.swift */; };
		74B713FE24E2A991001AF274 /* LoginViewController.swift in Sources */ = {isa = PBXBuildFile; fileRef = 74B713FD24E2A991001AF274 /* LoginViewController.swift */; };
		74B7140024E2A99D001AF274 /* HomeViewController.swift in Sources */ = {isa = PBXBuildFile; fileRef = 74B713FF24E2A99D001AF274 /* HomeViewController.swift */; };
		74FB23EE24E48EF300A6B04D /* GoogleService-Info.plist in Resources */ = {isa = PBXBuildFile; fileRef = 74FB23ED24E48EF300A6B04D /* GoogleService-Info.plist */; };
/* End PBXBuildFile section */

/* Begin PBXFileReference section */
		14F4CE99E4165B65E1CDBEEA /* Pods_PictIonis.framework */ = {isa = PBXFileReference; explicitFileType = wrapper.framework; includeInIndex = 0; path = Pods_PictIonis.framework; sourceTree = BUILT_PRODUCTS_DIR; };
		34CD5EF590C3B68BE55BBC33 /* Pods-PictIonis.release.xcconfig */ = {isa = PBXFileReference; includeInIndex = 1; lastKnownFileType = text.xcconfig; name = "Pods-PictIonis.release.xcconfig"; path = "Target Support Files/Pods-PictIonis/Pods-PictIonis.release.xcconfig"; sourceTree = "<group>"; };
		647EF27E392C1B4D423902D2 /* Pods-PictIonis.debug.xcconfig */ = {isa = PBXFileReference; includeInIndex = 1; lastKnownFileType = text.xcconfig; name = "Pods-PictIonis.debug.xcconfig"; path = "Target Support Files/Pods-PictIonis/Pods-PictIonis.debug.xcconfig"; sourceTree = "<group>"; };
		74A8911E24E458D200FF195D /* Utilities.swift */ = {isa = PBXFileReference; lastKnownFileType = sourcecode.swift; path = Utilities.swift; sourceTree = "<group>"; };
		74B713E424E2A7D7001AF274 /* PictIonis.app */ = {isa = PBXFileReference; explicitFileType = wrapper.application; includeInIndex = 0; path = PictIonis.app; sourceTree = BUILT_PRODUCTS_DIR; };
		74B713E724E2A7D7001AF274 /* AppDelegate.swift */ = {isa = PBXFileReference; lastKnownFileType = sourcecode.swift; path = AppDelegate.swift; sourceTree = "<group>"; };
		74B713E924E2A7D7001AF274 /* SceneDelegate.swift */ = {isa = PBXFileReference; lastKnownFileType = sourcecode.swift; path = SceneDelegate.swift; sourceTree = "<group>"; };
		74B713EB24E2A7D7001AF274 /* ViewController.swift */ = {isa = PBXFileReference; lastKnownFileType = sourcecode.swift; path = ViewController.swift; sourceTree = "<group>"; };
		74B713EE24E2A7D7001AF274 /* Base */ = {isa = PBXFileReference; lastKnownFileType = file.storyboard; name = Base; path = Base.lproj/Main.storyboard; sourceTree = "<group>"; };
		74B713F024E2A7D9001AF274 /* Assets.xcassets */ = {isa = PBXFileReference; lastKnownFileType = folder.assetcatalog; path = Assets.xcassets; sourceTree = "<group>"; };
		74B713F324E2A7D9001AF274 /* Base */ = {isa = PBXFileReference; lastKnownFileType = file.storyboard; name = Base; path = Base.lproj/LaunchScreen.storyboard; sourceTree = "<group>"; };
		74B713F524E2A7D9001AF274 /* Info.plist */ = {isa = PBXFileReference; lastKnownFileType = text.plist.xml; path = Info.plist; sourceTree = "<group>"; };
		74B713FB24E2A924001AF274 /* SignUpViewController.swift */ = {isa = PBXFileReference; lastKnownFileType = sourcecode.swift; path = SignUpViewController.swift; sourceTree = "<group>"; };
		74B713FD24E2A991001AF274 /* LoginViewController.swift */ = {isa = PBXFileReference; lastKnownFileType = sourcecode.swift; path = LoginViewController.swift; sourceTree = "<group>"; };
		74B713FF24E2A99D001AF274 /* HomeViewController.swift */ = {isa = PBXFileReference; lastKnownFileType = sourcecode.swift; path = HomeViewController.swift; sourceTree = "<group>"; };
		74FB23ED24E48EF300A6B04D /* GoogleService-Info.plist */ = {isa = PBXFileReference; fileEncoding = 4; lastKnownFileType = text.plist.xml; path = "GoogleService-Info.plist"; sourceTree = "<group>"; };
/* End PBXFileReference section */

/* Begin PBXFrameworksBuildPhase section */
		74B713E124E2A7D7001AF274 /* Frameworks */ = {
			isa = PBXFrameworksBuildPhase;
			buildActionMask = 2147483647;
			files = (
				41647AE6B47E6AC21BF477E2 /* Pods_PictIonis.framework in Frameworks */,
			);
			runOnlyForDeploymentPostprocessing = 0;
		};
/* End PBXFrameworksBuildPhase section */

/* Begin PBXGroup section */
		0BFE4345A6F4AD9C7E9F867E /* Frameworks */ = {
			isa = PBXGroup;
			children = (
				14F4CE99E4165B65E1CDBEEA /* Pods_PictIonis.framework */,
			);
			name = Frameworks;
			sourceTree = "<group>";
		};
		175FEBC472A1064628DE935A /* Pods */ = {
			isa = PBXGroup;
			children = (
				647EF27E392C1B4D423902D2 /* Pods-PictIonis.debug.xcconfig */,
				34CD5EF590C3B68BE55BBC33 /* Pods-PictIonis.release.xcconfig */,
			);
			name = Pods;
			path = Pods;
			sourceTree = "<group>";
		};
		74A8912024E45AC200FF195D /* Helpers */ = {
			isa = PBXGroup;
			children = (
				74A8911E24E458D200FF195D /* Utilities.swift */,
			);
			path = Helpers;
			sourceTree = "<group>";
		};
		74B713DB24E2A7D7001AF274 = {
			isa = PBXGroup;
			children = (
				74B713E624E2A7D7001AF274 /* PictIonis */,
				74B713E524E2A7D7001AF274 /* Products */,
				175FEBC472A1064628DE935A /* Pods */,
				0BFE4345A6F4AD9C7E9F867E /* Frameworks */,
			);
			sourceTree = "<group>";
		};
		74B713E524E2A7D7001AF274 /* Products */ = {
			isa = PBXGroup;
			children = (
				74B713E424E2A7D7001AF274 /* PictIonis.app */,
			);
			name = Products;
			sourceTree = "<group>";
		};
		74B713E624E2A7D7001AF274 /* PictIonis */ = {
			isa = PBXGroup;
			children = (
				74B7140124E2A9A5001AF274 /* ViewControllers */,
				74A8912024E45AC200FF195D /* Helpers */,
				74B713E724E2A7D7001AF274 /* AppDelegate.swift */,
				74B713E924E2A7D7001AF274 /* SceneDelegate.swift */,
				74B713ED24E2A7D7001AF274 /* Main.storyboard */,
				74B713F024E2A7D9001AF274 /* Assets.xcassets */,
				74B713F224E2A7D9001AF274 /* LaunchScreen.storyboard */,
				74B713F524E2A7D9001AF274 /* Info.plist */,
				74FB23ED24E48EF300A6B04D /* GoogleService-Info.plist */,
			);
			path = PictIonis;
			sourceTree = "<group>";
		};
		74B7140124E2A9A5001AF274 /* ViewControllers */ = {
			isa = PBXGroup;
			children = (
				74B713EB24E2A7D7001AF274 /* ViewController.swift */,
				74B713FB24E2A924001AF274 /* SignUpViewController.swift */,
				74B713FD24E2A991001AF274 /* LoginViewController.swift */,
				74B713FF24E2A99D001AF274 /* HomeViewController.swift */,
			);
			path = ViewControllers;
			sourceTree = "<group>";
		};
/* End PBXGroup section */

/* Begin PBXNativeTarget section */
		74B713E324E2A7D7001AF274 /* PictIonis */ = {
			isa = PBXNativeTarget;
			buildConfigurationList = 74B713F824E2A7D9001AF274 /* Build configuration list for PBXNativeTarget "PictIonis" */;
			buildPhases = (
				C082E0A062C74594638F5534 /* [CP] Check Pods Manifest.lock */,
				74B713E024E2A7D7001AF274 /* Sources */,
				74B713E124E2A7D7001AF274 /* Frameworks */,
				74B713E224E2A7D7001AF274 /* Resources */,
				8CA2E19C546E4B8DB44BD6A9 /* [CP] Embed Pods Frameworks */,
			);
			buildRules = (
			);
			dependencies = (
			);
			name = PictIonis;
			productName = PictIonis;
			productReference = 74B713E424E2A7D7001AF274 /* PictIonis.app */;
			productType = "com.apple.product-type.application";
		};
/* End PBXNativeTarget section */

/* Begin PBXProject section */
		74B713DC24E2A7D7001AF274 /* Project object */ = {
			isa = PBXProject;
			attributes = {
				LastSwiftUpdateCheck = 1160;
				LastUpgradeCheck = 1160;
				ORGANIZATIONNAME = niewiajuzain_ad;
				TargetAttributes = {
					74B713E324E2A7D7001AF274 = {
						CreatedOnToolsVersion = 11.6;
					};
				};
			};
			buildConfigurationList = 74B713DF24E2A7D7001AF274 /* Build configuration list for PBXProject "PictIonis" */;
			compatibilityVersion = "Xcode 9.3";
			developmentRegion = en;
			hasScannedForEncodings = 0;
			knownRegions = (
				en,
				Base,
			);
			mainGroup = 74B713DB24E2A7D7001AF274;
			productRefGroup = 74B713E524E2A7D7001AF274 /* Products */;
			projectDirPath = "";
			projectRoot = "";
			targets = (
				74B713E324E2A7D7001AF274 /* PictIonis */,
			);
		};
/* End PBXProject section */

/* Begin PBXResourcesBuildPhase section */
		74B713E224E2A7D7001AF274 /* Resources */ = {
			isa = PBXResourcesBuildPhase;
			buildActionMask = 2147483647;
			files = (
				74B713F424E2A7D9001AF274 /* LaunchScreen.storyboard in Resources */,
				74FB23EE24E48EF300A6B04D /* GoogleService-Info.plist in Resources */,
				74B713F124E2A7D9001AF274 /* Assets.xcassets in Resources */,
				74B713EF24E2A7D7001AF274 /* Main.storyboard in Resources */,
			);
			runOnlyForDeploymentPostprocessing = 0;
		};
/* End PBXResourcesBuildPhase section */

/* Begin PBXShellScriptBuildPhase section */
		8CA2E19C546E4B8DB44BD6A9 /* [CP] Embed Pods Frameworks */ = {
			isa = PBXShellScriptBuildPhase;
			buildActionMask = 2147483647;
			files = (
			);
			inputFileListPaths = (
				"${PODS_ROOT}/Target Support Files/Pods-PictIonis/Pods-PictIonis-frameworks-${CONFIGURATION}-input-files.xcfilelist",
			);
			name = "[CP] Embed Pods Frameworks";
			outputFileListPaths = (
				"${PODS_ROOT}/Target Support Files/Pods-PictIonis/Pods-PictIonis-frameworks-${CONFIGURATION}-output-files.xcfilelist",
			);
			runOnlyForDeploymentPostprocessing = 0;
			shellPath = /bin/sh;
			shellScript = "\"${PODS_ROOT}/Target Support Files/Pods-PictIonis/Pods-PictIonis-frameworks.sh\"\n";
			showEnvVarsInLog = 0;
		};
		C082E0A062C74594638F5534 /* [CP] Check Pods Manifest.lock */ = {
			isa = PBXShellScriptBuildPhase;
			buildActionMask = 2147483647;
			files = (
			);
			inputFileListPaths = (
			);
			inputPaths = (
				"${PODS_PODFILE_DIR_PATH}/Podfile.lock",
				"${PODS_ROOT}/Manifest.lock",
			);
			name = "[CP] Check Pods Manifest.lock";
			outputFileListPaths = (
			);
			outputPaths = (
				"$(DERIVED_FILE_DIR)/Pods-PictIonis-checkManifestLockResult.txt",
			);
			runOnlyForDeploymentPostprocessing = 0;
			shellPath = /bin/sh;
			shellScript = "diff \"${PODS_PODFILE_DIR_PATH}/Podfile.lock\" \"${PODS_ROOT}/Manifest.lock\" > /dev/null\nif [ $? != 0 ] ; then\n    # print error to STDERR\n    echo \"error: The sandbox is not in sync with the Podfile.lock. Run 'pod install' or update your CocoaPods installation.\" >&2\n    exit 1\nfi\n# This output is used by Xcode 'outputs' to avoid re-running this script phase.\necho \"SUCCESS\" > \"${SCRIPT_OUTPUT_FILE_0}\"\n";
			showEnvVarsInLog = 0;
		};
/* End PBXShellScriptBuildPhase section */

/* Begin PBXSourcesBuildPhase section */
		74B713E024E2A7D7001AF274 /* Sources */ = {
			isa = PBXSourcesBuildPhase;
			buildActionMask = 2147483647;
			files = (
				74B713EC24E2A7D7001AF274 /* ViewController.swift in Sources */,
				74B713E824E2A7D7001AF274 /* AppDelegate.swift in Sources */,
				74A8911F24E458D200FF195D /* Utilities.swift in Sources */,
				74B713FC24E2A924001AF274 /* SignUpViewController.swift in Sources */,
				74B713FE24E2A991001AF274 /* LoginViewController.swift in Sources */,
				74B713EA24E2A7D7001AF274 /* SceneDelegate.swift in Sources */,
				74B7140024E2A99D001AF274 /* HomeViewController.swift in Sources */,
			);
			runOnlyForDeploymentPostprocessing = 0;
		};
/* End PBXSourcesBuildPhase section */

/* Begin PBXVariantGroup section */
		74B713ED24E2A7D7001AF274 /* Main.storyboard */ = {
			isa = PBXVariantGroup;
			children = (
				74B713EE24E2A7D7001AF274 /* Base */,
			);
			name = Main.storyboard;
			sourceTree = "<group>";
		};
		74B713F224E2A7D9001AF274 /* LaunchScreen.storyboard */ = {
			isa = PBXVariantGroup;
			children = (
				74B713F324E2A7D9001AF274 /* Base */,
			);
			name = LaunchScreen.storyboard;
			sourceTree = "<group>";
		};
/* End PBXVariantGroup section */

/* Begin XCBuildConfiguration section */
		74B713F624E2A7D9001AF274 /* Debug */ = {
			isa = XCBuildConfiguration;
			buildSettings = {
				ALWAYS_SEARCH_USER_PATHS = NO;
				CLANG_ANALYZER_NONNULL = YES;
				CLANG_ANALYZER_NUMBER_OBJECT_CONVERSION = YES_AGGRESSIVE;
				CLANG_CXX_LANGUAGE_STANDARD = "gnu++14";
				CLANG_CXX_LIBRARY = "libc++";
				CLANG_ENABLE_MODULES = YES;
				CLANG_ENABLE_OBJC_ARC = YES;
				CLANG_ENABLE_OBJC_WEAK = YES;
				CLANG_WARN_BLOCK_CAPTURE_AUTORELEASING = YES;
				CLANG_WARN_BOOL_CONVERSION = YES;
				CLANG_WARN_COMMA = YES;
				CLANG_WARN_CONSTANT_CONVERSION = YES;
				CLANG_WARN_DEPRECATED_OBJC_IMPLEMENTATIONS = YES;
				CLANG_WARN_DIRECT_OBJC_ISA_USAGE = YES_ERROR;
				CLANG_WARN_DOCUMENTATION_COMMENTS = YES;
				CLANG_WARN_EMPTY_BODY = YES;
				CLANG_WARN_ENUM_CONVERSION = YES;
				CLANG_WARN_INFINITE_RECURSION = YES;
				CLANG_WARN_INT_CONVERSION = YES;
				CLANG_WARN_NON_LITERAL_NULL_CONVERSION = YES;
				CLANG_WARN_OBJC_IMPLICIT_RETAIN_SELF = YES;
				CLANG_WARN_OBJC_LITERAL_CONVERSION = YES;
				CLANG_WARN_OBJC_ROOT_CLASS = YES_ERROR;
				CLANG_WARN_RANGE_LOOP_ANALYSIS = YES;
				CLANG_WARN_STRICT_PROTOTYPES = YES;
				CLANG_WARN_SUSPICIOUS_MOVE = YES;
				CLANG_WARN_UNGUARDED_AVAILABILITY = YES_AGGRESSIVE;
				CLANG_WARN_UNREACHABLE_CODE = YES;
				CLANG_WARN__DUPLICATE_METHOD_MATCH = YES;
				COPY_PHASE_STRIP = NO;
				DEBUG_INFORMATION_FORMAT = dwarf;
				ENABLE_STRICT_OBJC_MSGSEND = YES;
				ENABLE_TESTABILITY = YES;
				GCC_C_LANGUAGE_STANDARD = gnu11;
				GCC_DYNAMIC_NO_PIC = NO;
				GCC_NO_COMMON_BLOCKS = YES;
				GCC_OPTIMIZATION_LEVEL = 0;
				GCC_PREPROCESSOR_DEFINITIONS = (
					"DEBUG=1",
					"$(inherited)",
				);
				GCC_WARN_64_TO_32_BIT_CONVERSION = YES;
				GCC_WARN_ABOUT_RETURN_TYPE = YES_ERROR;
				GCC_WARN_UNDECLARED_SELECTOR = YES;
				GCC_WARN_UNINITIALIZED_AUTOS = YES_AGGRESSIVE;
				GCC_WARN_UNUSED_FUNCTION = YES;
				GCC_WARN_UNUSED_VARIABLE = YES;
				IPHONEOS_DEPLOYMENT_TARGET = 13.6;
				MTL_ENABLE_DEBUG_INFO = INCLUDE_SOURCE;
				MTL_FAST_MATH = YES;
				ONLY_ACTIVE_ARCH = YES;
				SDKROOT = iphoneos;
				SWIFT_ACTIVE_COMPILATION_CONDITIONS = DEBUG;
				SWIFT_OPTIMIZATION_LEVEL = "-Onone";
			};
			name = Debug;
		};
		74B713F724E2A7D9001AF274 /* Release */ = {
			isa = XCBuildConfiguration;
			buildSettings = {
				ALWAYS_SEARCH_USER_PATHS = NO;
				CLANG_ANALYZER_NONNULL = YES;
				CLANG_ANALYZER_NUMBER_OBJECT_CONVERSION = YES_AGGRESSIVE;
				CLANG_CXX_LANGUAGE_STANDARD = "gnu++14";
				CLANG_CXX_LIBRARY = "libc++";
				CLANG_ENABLE_MODULES = YES;
				CLANG_ENABLE_OBJC_ARC = YES;
				CLANG_ENABLE_OBJC_WEAK = YES;
				CLANG_WARN_BLOCK_CAPTURE_AUTORELEASING = YES;
				CLANG_WARN_BOOL_CONVERSION = YES;
				CLANG_WARN_COMMA = YES;
				CLANG_WARN_CONSTANT_CONVERSION = YES;
				CLANG_WARN_DEPRECATED_OBJC_IMPLEMENTATIONS = YES;
				CLANG_WARN_DIRECT_OBJC_ISA_USAGE = YES_ERROR;
				CLANG_WARN_DOCUMENTATION_COMMENTS = YES;
				CLANG_WARN_EMPTY_BODY = YES;
				CLANG_WARN_ENUM_CONVERSION = YES;
				CLANG_WARN_INFINITE_RECURSION = YES;
				CLANG_WARN_INT_CONVERSION = YES;
				CLANG_WARN_NON_LITERAL_NULL_CONVERSION = YES;
				CLANG_WARN_OBJC_IMPLICIT_RETAIN_SELF = YES;
				CLANG_WARN_OBJC_LITERAL_CONVERSION = YES;
				CLANG_WARN_OBJC_ROOT_CLASS = YES_ERROR;
				CLANG_WARN_RANGE_LOOP_ANALYSIS = YES;
				CLANG_WARN_STRICT_PROTOTYPES = YES;
				CLANG_WARN_SUSPICIOUS_MOVE = YES;
				CLANG_WARN_UNGUARDED_AVAILABILITY = YES_AGGRESSIVE;
				CLANG_WARN_UNREACHABLE_CODE = YES;
				CLANG_WARN__DUPLICATE_METHOD_MATCH = YES;
				COPY_PHASE_STRIP = NO;
				DEBUG_INFORMATION_FORMAT = "dwarf-with-dsym";
				ENABLE_NS_ASSERTIONS = NO;
				ENABLE_STRICT_OBJC_MSGSEND = YES;
				GCC_C_LANGUAGE_STANDARD = gnu11;
				GCC_NO_COMMON_BLOCKS = YES;
				GCC_WARN_64_TO_32_BIT_CONVERSION = YES;
				GCC_WARN_ABOUT_RETURN_TYPE = YES_ERROR;
				GCC_WARN_UNDECLARED_SELECTOR = YES;
				GCC_WARN_UNINITIALIZED_AUTOS = YES_AGGRESSIVE;
				GCC_WARN_UNUSED_FUNCTION = YES;
				GCC_WARN_UNUSED_VARIABLE = YES;
				IPHONEOS_DEPLOYMENT_TARGET = 13.6;
				MTL_ENABLE_DEBUG_INFO = NO;
				MTL_FAST_MATH = YES;
				SDKROOT = iphoneos;
				SWIFT_COMPILATION_MODE = wholemodule;
				SWIFT_OPTIMIZATION_LEVEL = "-O";
				VALIDATE_PRODUCT = YES;
			};
			name = Release;
		};
		74B713F924E2A7D9001AF274 /* Debug */ = {
			isa = XCBuildConfiguration;
			baseConfigurationReference = 647EF27E392C1B4D423902D2 /* Pods-PictIonis.debug.xcconfig */;
			buildSettings = {
				ASSETCATALOG_COMPILER_APPICON_NAME = AppIcon;
				CODE_SIGN_STYLE = Automatic;
				INFOPLIST_FILE = PictIonis/Info.plist;
				LD_RUNPATH_SEARCH_PATHS = (
					"$(inherited)",
					"@executable_path/Frameworks",
				);
				PRODUCT_BUNDLE_IDENTIFIER = com.etna.PictIonis;
				PRODUCT_NAME = "$(TARGET_NAME)";
				SWIFT_VERSION = 5.0;
				TARGETED_DEVICE_FAMILY = "1,2";
			};
			name = Debug;
		};
		74B713FA24E2A7D9001AF274 /* Release */ = {
			isa = XCBuildConfiguration;
			baseConfigurationReference = 34CD5EF590C3B68BE55BBC33 /* Pods-PictIonis.release.xcconfig */;
			buildSettings = {
				ASSETCATALOG_COMPILER_APPICON_NAME = AppIcon;
				CODE_SIGN_STYLE = Automatic;
				INFOPLIST_FILE = PictIonis/Info.plist;
				LD_RUNPATH_SEARCH_PATHS = (
					"$(inherited)",
					"@executable_path/Frameworks",
				);
				PRODUCT_BUNDLE_IDENTIFIER = com.etna.PictIonis;
				PRODUCT_NAME = "$(TARGET_NAME)";
				SWIFT_VERSION = 5.0;
				TARGETED_DEVICE_FAMILY = "1,2";
			};
			name = Release;
		};
/* End XCBuildConfiguration section */

/* Begin XCConfigurationList section */
		74B713DF24E2A7D7001AF274 /* Build configuration list for PBXProject "PictIonis" */ = {
			isa = XCConfigurationList;
			buildConfigurations = (
				74B713F624E2A7D9001AF274 /* Debug */,
				74B713F724E2A7D9001AF274 /* Release */,
			);
			defaultConfigurationIsVisible = 0;
			defaultConfigurationName = Release;
		};
		74B713F824E2A7D9001AF274 /* Build configuration list for PBXNativeTarget "PictIonis" */ = {
			isa = XCConfigurationList;
			buildConfigurations = (
				74B713F924E2A7D9001AF274 /* Debug */,
				74B713FA24E2A7D9001AF274 /* Release */,
			);
			defaultConfigurationIsVisible = 0;
			defaultConfigurationName = Release;
		};
/* End XCConfigurationList section */
	};
	rootObject = 74B713DC24E2A7D7001AF274 /* Project object */;
}
